
Microsoft Visual Studio Solution File, Format Version 12.00
# Visual Studio 15
VisualStudioVersion = 15.0.25807.0
MinimumVisualStudioVersion = 10.0.40219.1
Project("{2150E333-8FDC-42A3-9474-1A3956D46DE8}") = "Engine", "Engine", "{DDCBDF36-6D01-45FC-A2CD-01D042175325}"
EndProject
Project("{2150E333-8FDC-42A3-9474-1A3956D46DE8}") = "Games", "Games", "{32F5713F-1C99-469A-90BD-E240E359CEA5}"
EndProject
Project("{8BC9CEB8-8B4A-11D0-8D11-00A0C91BC942}") = "UE4", "Intermediate\ProjectFiles\UE4.vcxproj", "{A501CE4E-9AB7-4E7D-B5F8-B8440987D805}"
EndProject
Project("{8BC9CEB8-8B4A-11D0-8D11-00A0C91BC942}") = "VehicleMovement", "Intermediate\ProjectFiles\VehicleMovement.vcxproj", "{FD6EB3C1-7754-4900-9744-8EE22D41A605}"
EndProject
Global
	GlobalSection(SolutionConfigurationPlatforms) = preSolution
		DebugGame Editor|HTML5 = DebugGame Editor|HTML5
		DebugGame Editor|Win32 = DebugGame Editor|Win32
		DebugGame Editor|Win64 = DebugGame Editor|Win64
		DebugGame|HTML5 = DebugGame|HTML5
		DebugGame|Win32 = DebugGame|Win32
		DebugGame|Win64 = DebugGame|Win64
		Development Editor|HTML5 = Development Editor|HTML5
		Development Editor|Win32 = Development Editor|Win32
		Development Editor|Win64 = Development Editor|Win64
		Development|HTML5 = Development|HTML5
		Development|Win32 = Development|Win32
		Development|Win64 = Development|Win64
		Shipping|HTML5 = Shipping|HTML5
		Shipping|Win32 = Shipping|Win32
		Shipping|Win64 = Shipping|Win64
	EndGlobalSection
	GlobalSection(ProjectConfigurationPlatforms) = postSolution
		{A501CE4E-9AB7-4E7D-B5F8-B8440987D805}.DebugGame Editor|HTML5.ActiveCfg = BuiltWithUnrealBuildTool|Win32
		{A501CE4E-9AB7-4E7D-B5F8-B8440987D805}.DebugGame Editor|HTML5.Build.0 = BuiltWithUnrealBuildTool|Win32
		{A501CE4E-9AB7-4E7D-B5F8-B8440987D805}.DebugGame Editor|Win32.ActiveCfg = BuiltWithUnrealBuildTool|Win32
		{A501CE4E-9AB7-4E7D-B5F8-B8440987D805}.DebugGame Editor|Win32.Build.0 = BuiltWithUnrealBuildTool|Win32
		{A501CE4E-9AB7-4E7D-B5F8-B8440987D805}.DebugGame Editor|Win64.ActiveCfg = BuiltWithUnrealBuildTool|Win32
		{A501CE4E-9AB7-4E7D-B5F8-B8440987D805}.DebugGame Editor|Win64.Build.0 = BuiltWithUnrealBuildTool|Win32
		{A501CE4E-9AB7-4E7D-B5F8-B8440987D805}.DebugGame|HTML5.ActiveCfg = BuiltWithUnrealBuildTool|Win32
		{A501CE4E-9AB7-4E7D-B5F8-B8440987D805}.DebugGame|HTML5.Build.0 = BuiltWithUnrealBuildTool|Win32
		{A501CE4E-9AB7-4E7D-B5F8-B8440987D805}.DebugGame|Win32.ActiveCfg = BuiltWithUnrealBuildTool|Win32
		{A501CE4E-9AB7-4E7D-B5F8-B8440987D805}.DebugGame|Win32.Build.0 = BuiltWithUnrealBuildTool|Win32
		{A501CE4E-9AB7-4E7D-B5F8-B8440987D805}.DebugGame|Win64.ActiveCfg = BuiltWithUnrealBuildTool|Win32
		{A501CE4E-9AB7-4E7D-B5F8-B8440987D805}.DebugGame|Win64.Build.0 = BuiltWithUnrealBuildTool|Win32
		{A501CE4E-9AB7-4E7D-B5F8-B8440987D805}.Development Editor|HTML5.ActiveCfg = BuiltWithUnrealBuildTool|Win32
		{A501CE4E-9AB7-4E7D-B5F8-B8440987D805}.Development Editor|HTML5.Build.0 = BuiltWithUnrealBuildTool|Win32
		{A501CE4E-9AB7-4E7D-B5F8-B8440987D805}.Development Editor|Win32.ActiveCfg = BuiltWithUnrealBuildTool|Win32
		{A501CE4E-9AB7-4E7D-B5F8-B8440987D805}.Development Editor|Win32.Build.0 = BuiltWithUnrealBuildTool|Win32
		{A501CE4E-9AB7-4E7D-B5F8-B8440987D805}.Development Editor|Win64.ActiveCfg = BuiltWithUnrealBuildTool|Win32
		{A501CE4E-9AB7-4E7D-B5F8-B8440987D805}.Development Editor|Win64.Build.0 = BuiltWithUnrealBuildTool|Win32
		{A501CE4E-9AB7-4E7D-B5F8-B8440987D805}.Development|HTML5.ActiveCfg = BuiltWithUnrealBuildTool|Win32
		{A501CE4E-9AB7-4E7D-B5F8-B8440987D805}.Development|HTML5.Build.0 = BuiltWithUnrealBuildTool|Win32
		{A501CE4E-9AB7-4E7D-B5F8-B8440987D805}.Development|Win32.ActiveCfg = BuiltWithUnrealBuildTool|Win32
		{A501CE4E-9AB7-4E7D-B5F8-B8440987D805}.Development|Win32.Build.0 = BuiltWithUnrealBuildTool|Win32
		{A501CE4E-9AB7-4E7D-B5F8-B8440987D805}.Development|Win64.ActiveCfg = BuiltWithUnrealBuildTool|Win32
		{A501CE4E-9AB7-4E7D-B5F8-B8440987D805}.Development|Win64.Build.0 = BuiltWithUnrealBuildTool|Win32
		{A501CE4E-9AB7-4E7D-B5F8-B8440987D805}.Shipping|HTML5.ActiveCfg = BuiltWithUnrealBuildTool|Win32
		{A501CE4E-9AB7-4E7D-B5F8-B8440987D805}.Shipping|HTML5.Build.0 = BuiltWithUnrealBuildTool|Win32
		{A501CE4E-9AB7-4E7D-B5F8-B8440987D805}.Shipping|Win32.ActiveCfg = BuiltWithUnrealBuildTool|Win32
		{A501CE4E-9AB7-4E7D-B5F8-B8440987D805}.Shipping|Win32.Build.0 = BuiltWithUnrealBuildTool|Win32
		{A501CE4E-9AB7-4E7D-B5F8-B8440987D805}.Shipping|Win64.ActiveCfg = BuiltWithUnrealBuildTool|Win32
		{A501CE4E-9AB7-4E7D-B5F8-B8440987D805}.Shipping|Win64.Build.0 = BuiltWithUnrealBuildTool|Win32
		{FD6EB3C1-7754-4900-9744-8EE22D41A605}.DebugGame Editor|HTML5.ActiveCfg = HTML5_DebugGame_Editor|Win32
		{FD6EB3C1-7754-4900-9744-8EE22D41A605}.DebugGame Editor|Win32.ActiveCfg = DebugGame_Editor|Win32
		{FD6EB3C1-7754-4900-9744-8EE22D41A605}.DebugGame Editor|Win64.ActiveCfg = DebugGame_Editor|x64
		{FD6EB3C1-7754-4900-9744-8EE22D41A605}.DebugGame Editor|Win64.Build.0 = DebugGame_Editor|x64
		{FD6EB3C1-7754-4900-9744-8EE22D41A605}.DebugGame|HTML5.ActiveCfg = HTML5_DebugGame_Game|Win32
		{FD6EB3C1-7754-4900-9744-8EE22D41A605}.DebugGame|HTML5.Build.0 = HTML5_DebugGame_Game|Win32
		{FD6EB3C1-7754-4900-9744-8EE22D41A605}.DebugGame|Win32.ActiveCfg = DebugGame_Game|Win32
		{FD6EB3C1-7754-4900-9744-8EE22D41A605}.DebugGame|Win32.Build.0 = DebugGame_Game|Win32
		{FD6EB3C1-7754-4900-9744-8EE22D41A605}.DebugGame|Win64.ActiveCfg = DebugGame_Game|x64
		{FD6EB3C1-7754-4900-9744-8EE22D41A605}.DebugGame|Win64.Build.0 = DebugGame_Game|x64
		{FD6EB3C1-7754-4900-9744-8EE22D41A605}.Development Editor|HTML5.ActiveCfg = HTML5_Development_Editor|Win32
		{FD6EB3C1-7754-4900-9744-8EE22D41A605}.Development Editor|Win32.ActiveCfg = Development_Editor|Win32
		{FD6EB3C1-7754-4900-9744-8EE22D41A605}.Development Editor|Win64.ActiveCfg = Development_Editor|x64
		{FD6EB3C1-7754-4900-9744-8EE22D41A605}.Development Editor|Win64.Build.0 = Development_Editor|x64
		{FD6EB3C1-7754-4900-9744-8EE22D41A605}.Development|HTML5.ActiveCfg = HTML5_Development_Game|Win32
		{FD6EB3C1-7754-4900-9744-8EE22D41A605}.Development|HTML5.Build.0 = HTML5_Development_Game|Win32
		{FD6EB3C1-7754-4900-9744-8EE22D41A605}.Development|Win32.ActiveCfg = Development_Game|Win32
		{FD6EB3C1-7754-4900-9744-8EE22D41A605}.Development|Win32.Build.0 = Development_Game|Win32
		{FD6EB3C1-7754-4900-9744-8EE22D41A605}.Development|Win64.ActiveCfg = Development_Game|x64
		{FD6EB3C1-7754-4900-9744-8EE22D41A605}.Development|Win64.Build.0 = Development_Game|x64
		{FD6EB3C1-7754-4900-9744-8EE22D41A605}.Shipping|HTML5.ActiveCfg = HTML5_Shipping_Game|Win32
		{FD6EB3C1-7754-4900-9744-8EE22D41A605}.Shipping|HTML5.Build.0 = HTML5_Shipping_Game|Win32
		{FD6EB3C1-7754-4900-9744-8EE22D41A605}.Shipping|Win32.ActiveCfg = Shipping_Game|Win32
		{FD6EB3C1-7754-4900-9744-8EE22D41A605}.Shipping|Win32.Build.0 = Shipping_Game|Win32
		{FD6EB3C1-7754-4900-9744-8EE22D41A605}.Shipping|Win64.ActiveCfg = Shipping_Game|x64
		{FD6EB3C1-7754-4900-9744-8EE22D41A605}.Shipping|Win64.Build.0 = Shipping_Game|x64
	EndGlobalSection
	GlobalSection(SolutionProperties) = preSolution
		HideSolutionNode = FALSE
	EndGlobalSection
	GlobalSection(NestedProjects) = preSolution
		{A501CE4E-9AB7-4E7D-B5F8-B8440987D805} = {DDCBDF36-6D01-45FC-A2CD-01D042175325}
		{FD6EB3C1-7754-4900-9744-8EE22D41A605} = {32F5713F-1C99-469A-90BD-E240E359CEA5}
	EndGlobalSection
	GlobalSection(ExtensibilityGlobals) = postSolution
		SolutionGuid = {7C475168-79CA-4872-BD6D-4E5232D1BB3D}
	EndGlobalSection
EndGlobal
